// !$*UTF8*$!
{
	archiveVersion = 1;
	classes = {
	};
	objectVersion = 50;
	objects = {

/* Begin PBXBuildFile section */
		41F5C99F2674A6C4002CFB51 /* AppDelegate.swift in Sources */ = {isa = PBXBuildFile; fileRef = 41F5C99E2674A6C4002CFB51 /* AppDelegate.swift */; };
		41F5C9A12674A6C4002CFB51 /* SceneDelegate.swift in Sources */ = {isa = PBXBuildFile; fileRef = 41F5C9A02674A6C4002CFB51 /* SceneDelegate.swift */; };
		41F5C9A32674A6C4002CFB51 /* ViewController.swift in Sources */ = {isa = PBXBuildFile; fileRef = 41F5C9A22674A6C4002CFB51 /* ViewController.swift */; };
		41F5C9A62674A6C4002CFB51 /* Main.storyboard in Resources */ = {isa = PBXBuildFile; fileRef = 41F5C9A42674A6C4002CFB51 /* Main.storyboard */; };
		41F5C9A82674A6C6002CFB51 /* Assets.xcassets in Resources */ = {isa = PBXBuildFile; fileRef = 41F5C9A72674A6C6002CFB51 /* Assets.xcassets */; };
		41F5C9AB2674A6C6002CFB51 /* LaunchScreen.storyboard in Resources */ = {isa = PBXBuildFile; fileRef = 41F5C9A92674A6C6002CFB51 /* LaunchScreen.storyboard */; };
		41F5C9B62674A6C6002CFB51 /* GithubStargazersTests.swift in Sources */ = {isa = PBXBuildFile; fileRef = 41F5C9B52674A6C6002CFB51 /* GithubStargazersTests.swift */; };
		41F5C9C12674A6C6002CFB51 /* GithubStargazersUITests.swift in Sources */ = {isa = PBXBuildFile; fileRef = 41F5C9C02674A6C6002CFB51 /* GithubStargazersUITests.swift */; };
/* End PBXBuildFile section */

/* Begin PBXContainerItemProxy section */
		41F5C9B22674A6C6002CFB51 /* PBXContainerItemProxy */ = {
			isa = PBXContainerItemProxy;
			containerPortal = 41F5C9932674A6C4002CFB51 /* Project object */;
			proxyType = 1;
			remoteGlobalIDString = 41F5C99A2674A6C4002CFB51;
			remoteInfo = GithubStargazers;
		};
		41F5C9BD2674A6C6002CFB51 /* PBXContainerItemProxy */ = {
			isa = PBXContainerItemProxy;
			containerPortal = 41F5C9932674A6C4002CFB51 /* Project object */;
			proxyType = 1;
			remoteGlobalIDString = 41F5C99A2674A6C4002CFB51;
			remoteInfo = GithubStargazers;
		};
/* End PBXContainerItemProxy section */

/* Begin PBXFileReference section */
		41F5C99B2674A6C4002CFB51 /* GithubStargazers.app */ = {isa = PBXFileReference; explicitFileType = wrapper.application; includeInIndex = 0; path = GithubStargazers.app; sourceTree = BUILT_PRODUCTS_DIR; };
		41F5C99E2674A6C4002CFB51 /* AppDelegate.swift */ = {isa = PBXFileReference; lastKnownFileType = sourcecode.swift; path = AppDelegate.swift; sourceTree = "<group>"; };
		41F5C9A02674A6C4002CFB51 /* SceneDelegate.swift */ = {isa = PBXFileReference; lastKnownFileType = sourcecode.swift; path = SceneDelegate.swift; sourceTree = "<group>"; };
		41F5C9A22674A6C4002CFB51 /* ViewController.swift */ = {isa = PBXFileReference; lastKnownFileType = sourcecode.swift; path = ViewController.swift; sourceTree = "<group>"; };
		41F5C9A52674A6C4002CFB51 /* Base */ = {isa = PBXFileReference; lastKnownFileType = file.storyboard; name = Base; path = Base.lproj/Main.storyboard; sourceTree = "<group>"; };
		41F5C9A72674A6C6002CFB51 /* Assets.xcassets */ = {isa = PBXFileReference; lastKnownFileType = folder.assetcatalog; path = Assets.xcassets; sourceTree = "<group>"; };
		41F5C9AA2674A6C6002CFB51 /* Base */ = {isa = PBXFileReference; lastKnownFileType = file.storyboard; name = Base; path = Base.lproj/LaunchScreen.storyboard; sourceTree = "<group>"; };
		41F5C9AC2674A6C6002CFB51 /* Info.plist */ = {isa = PBXFileReference; lastKnownFileType = text.plist.xml; path = Info.plist; sourceTree = "<group>"; };
		41F5C9B12674A6C6002CFB51 /* GithubStargazersTests.xctest */ = {isa = PBXFileReference; explicitFileType = wrapper.cfbundle; includeInIndex = 0; path = GithubStargazersTests.xctest; sourceTree = BUILT_PRODUCTS_DIR; };
		41F5C9B52674A6C6002CFB51 /* GithubStargazersTests.swift */ = {isa = PBXFileReference; lastKnownFileType = sourcecode.swift; path = GithubStargazersTests.swift; sourceTree = "<group>"; };
		41F5C9B72674A6C6002CFB51 /* Info.plist */ = {isa = PBXFileReference; lastKnownFileType = text.plist.xml; path = Info.plist; sourceTree = "<group>"; };
		41F5C9BC2674A6C6002CFB51 /* GithubStargazersUITests.xctest */ = {isa = PBXFileReference; explicitFileType = wrapper.cfbundle; includeInIndex = 0; path = GithubStargazersUITests.xctest; sourceTree = BUILT_PRODUCTS_DIR; };
		41F5C9C02674A6C6002CFB51 /* GithubStargazersUITests.swift */ = {isa = PBXFileReference; lastKnownFileType = sourcecode.swift; path = GithubStargazersUITests.swift; sourceTree = "<group>"; };
		41F5C9C22674A6C6002CFB51 /* Info.plist */ = {isa = PBXFileReference; lastKnownFileType = text.plist.xml; path = Info.plist; sourceTree = "<group>"; };
/* End PBXFileReference section */

/* Begin PBXFrameworksBuildPhase section */
		41F5C9982674A6C4002CFB51 /* Frameworks */ = {
			isa = PBXFrameworksBuildPhase;
			buildActionMask = 2147483647;
			files = (
			);
			runOnlyForDeploymentPostprocessing = 0;
		};
		41F5C9AE2674A6C6002CFB51 /* Frameworks */ = {
			isa = PBXFrameworksBuildPhase;
			buildActionMask = 2147483647;
			files = (
			);
			runOnlyForDeploymentPostprocessing = 0;
		};
		41F5C9B92674A6C6002CFB51 /* Frameworks */ = {
			isa = PBXFrameworksBuildPhase;
			buildActionMask = 2147483647;
			files = (
			);
			runOnlyForDeploymentPostprocessing = 0;
		};
/* End PBXFrameworksBuildPhase section */

/* Begin PBXGroup section */
		41F5C9922674A6C4002CFB51 = {
			isa = PBXGroup;
			children = (
				41F5C99D2674A6C4002CFB51 /* GithubStargazers */,
				41F5C9B42674A6C6002CFB51 /* GithubStargazersTests */,
				41F5C9BF2674A6C6002CFB51 /* GithubStargazersUITests */,
				41F5C99C2674A6C4002CFB51 /* Products */,
			);
			sourceTree = "<group>";
		};
		41F5C99C2674A6C4002CFB51 /* Products */ = {
			isa = PBXGroup;
			children = (
				41F5C99B2674A6C4002CFB51 /* GithubStargazers.app */,
				41F5C9B12674A6C6002CFB51 /* GithubStargazersTests.xctest */,
				41F5C9BC2674A6C6002CFB51 /* GithubStargazersUITests.xctest */,
			);
			name = Products;
			sourceTree = "<group>";
		};
		41F5C99D2674A6C4002CFB51 /* GithubStargazers */ = {
			isa = PBXGroup;
			children = (
				41F5C99E2674A6C4002CFB51 /* AppDelegate.swift */,
				41F5C9A02674A6C4002CFB51 /* SceneDelegate.swift */,
				41F5C9A22674A6C4002CFB51 /* ViewController.swift */,
				41F5C9A42674A6C4002CFB51 /* Main.storyboard */,
				41F5C9A72674A6C6002CFB51 /* Assets.xcassets */,
				41F5C9A92674A6C6002CFB51 /* LaunchScreen.storyboard */,
				41F5C9AC2674A6C6002CFB51 /* Info.plist */,
			);
			path = GithubStargazers;
			sourceTree = "<group>";
		};
		41F5C9B42674A6C6002CFB51 /* GithubStargazersTests */ = {
			isa = PBXGroup;
			children = (
				41F5C9B52674A6C6002CFB51 /* GithubStargazersTests.swift */,
				41F5C9B72674A6C6002CFB51 /* Info.plist */,
			);
			path = GithubStargazersTests;
			sourceTree = "<group>";
		};
		41F5C9BF2674A6C6002CFB51 /* GithubStargazersUITests */ = {
			isa = PBXGroup;
			children = (
				41F5C9C02674A6C6002CFB51 /* GithubStargazersUITests.swift */,
				41F5C9C22674A6C6002CFB51 /* Info.plist */,
			);
			path = GithubStargazersUITests;
			sourceTree = "<group>";
		};
/* End PBXGroup section */

/* Begin PBXNativeTarget section */
		41F5C99A2674A6C4002CFB51 /* GithubStargazers */ = {
			isa = PBXNativeTarget;
			buildConfigurationList = 41F5C9C52674A6C6002CFB51 /* Build configuration list for PBXNativeTarget "GithubStargazers" */;
			buildPhases = (
				41F5C9972674A6C4002CFB51 /* Sources */,
				41F5C9982674A6C4002CFB51 /* Frameworks */,
				41F5C9992674A6C4002CFB51 /* Resources */,
			);
			buildRules = (
			);
			dependencies = (
			);
			name = GithubStargazers;
			productName = GithubStargazers;
			productReference = 41F5C99B2674A6C4002CFB51 /* GithubStargazers.app */;
			productType = "com.apple.product-type.application";
		};
		41F5C9B02674A6C6002CFB51 /* GithubStargazersTests */ = {
			isa = PBXNativeTarget;
			buildConfigurationList = 41F5C9C82674A6C6002CFB51 /* Build configuration list for PBXNativeTarget "GithubStargazersTests" */;
			buildPhases = (
				41F5C9AD2674A6C6002CFB51 /* Sources */,
				41F5C9AE2674A6C6002CFB51 /* Frameworks */,
				41F5C9AF2674A6C6002CFB51 /* Resources */,
			);
			buildRules = (
			);
			dependencies = (
				41F5C9B32674A6C6002CFB51 /* PBXTargetDependency */,
			);
			name = GithubStargazersTests;
			productName = GithubStargazersTests;
			productReference = 41F5C9B12674A6C6002CFB51 /* GithubStargazersTests.xctest */;
			productType = "com.apple.product-type.bundle.unit-test";
		};
		41F5C9BB2674A6C6002CFB51 /* GithubStargazersUITests */ = {
			isa = PBXNativeTarget;
			buildConfigurationList = 41F5C9CB2674A6C6002CFB51 /* Build configuration list for PBXNativeTarget "GithubStargazersUITests" */;
			buildPhases = (
				41F5C9B82674A6C6002CFB51 /* Sources */,
				41F5C9B92674A6C6002CFB51 /* Frameworks */,
				41F5C9BA2674A6C6002CFB51 /* Resources */,
			);
			buildRules = (
			);
			dependencies = (
				41F5C9BE2674A6C6002CFB51 /* PBXTargetDependency */,
			);
			name = GithubStargazersUITests;
			productName = GithubStargazersUITests;
			productReference = 41F5C9BC2674A6C6002CFB51 /* GithubStargazersUITests.xctest */;
			productType = "com.apple.product-type.bundle.ui-testing";
		};
/* End PBXNativeTarget section */

/* Begin PBXProject section */
		41F5C9932674A6C4002CFB51 /* Project object */ = {
			isa = PBXProject;
			attributes = {
				LastSwiftUpdateCheck = 1250;
				LastUpgradeCheck = 1250;
				TargetAttributes = {
					41F5C99A2674A6C4002CFB51 = {
						CreatedOnToolsVersion = 12.5;
					};
					41F5C9B02674A6C6002CFB51 = {
						CreatedOnToolsVersion = 12.5;
						TestTargetID = 41F5C99A2674A6C4002CFB51;
					};
					41F5C9BB2674A6C6002CFB51 = {
						CreatedOnToolsVersion = 12.5;
						TestTargetID = 41F5C99A2674A6C4002CFB51;
					};
				};
			};
			buildConfigurationList = 41F5C9962674A6C4002CFB51 /* Build configuration list for PBXProject "GithubStargazers" */;
			compatibilityVersion = "Xcode 9.3";
			developmentRegion = en;
			hasScannedForEncodings = 0;
			knownRegions = (
				en,
				Base,
			);
			mainGroup = 41F5C9922674A6C4002CFB51;
			productRefGroup = 41F5C99C2674A6C4002CFB51 /* Products */;
			projectDirPath = "";
			projectRoot = "";
			targets = (
				41F5C99A2674A6C4002CFB51 /* GithubStargazers */,
				41F5C9B02674A6C6002CFB51 /* GithubStargazersTests */,
				41F5C9BB2674A6C6002CFB51 /* GithubStargazersUITests */,
			);
		};
/* End PBXProject section */

/* Begin PBXResourcesBuildPhase section */
		41F5C9992674A6C4002CFB51 /* Resources */ = {
			isa = PBXResourcesBuildPhase;
			buildActionMask = 2147483647;
			files = (
				41F5C9AB2674A6C6002CFB51 /* LaunchScreen.storyboard in Resources */,
				41F5C9A82674A6C6002CFB51 /* Assets.xcassets in Resources */,
				41F5C9A62674A6C4002CFB51 /* Main.storyboard in Resources */,
			);
			runOnlyForDeploymentPostprocessing = 0;
		};
		41F5C9AF2674A6C6002CFB51 /* Resources */ = {
			isa = PBXResourcesBuildPhase;
			buildActionMask = 2147483647;
			files = (
			);
			runOnlyForDeploymentPostprocessing = 0;
		};
		41F5C9BA2674A6C6002CFB51 /* Resources */ = {
			isa = PBXResourcesBuildPhase;
			buildActionMask = 2147483647;
			files = (
			);
			runOnlyForDeploymentPostprocessing = 0;
		};
/* End PBXResourcesBuildPhase section */

/* Begin PBXSourcesBuildPhase section */
		41F5C9972674A6C4002CFB51 /* Sources */ = {
			isa = PBXSourcesBuildPhase;
			buildActionMask = 2147483647;
			files = (
				41F5C9A32674A6C4002CFB51 /* ViewController.swift in Sources */,
				41F5C99F2674A6C4002CFB51 /* AppDelegate.swift in Sources */,
				41F5C9A12674A6C4002CFB51 /* SceneDelegate.swift in Sources */,
			);
			runOnlyForDeploymentPostprocessing = 0;
		};
		41F5C9AD2674A6C6002CFB51 /* Sources */ = {
			isa = PBXSourcesBuildPhase;
			buildActionMask = 2147483647;
			files = (
				41F5C9B62674A6C6002CFB51 /* GithubStargazersTests.swift in Sources */,
			);
			runOnlyForDeploymentPostprocessing = 0;
		};
		41F5C9B82674A6C6002CFB51 /* Sources */ = {
			isa = PBXSourcesBuildPhase;
			buildActionMask = 2147483647;
			files = (
				41F5C9C12674A6C6002CFB51 /* GithubStargazersUITests.swift in Sources */,
			);
			runOnlyForDeploymentPostprocessing = 0;
		};
/* End PBXSourcesBuildPhase section */

/* Begin PBXTargetDependency section */
		41F5C9B32674A6C6002CFB51 /* PBXTargetDependency */ = {
			isa = PBXTargetDependency;
			target = 41F5C99A2674A6C4002CFB51 /* GithubStargazers */;
			targetProxy = 41F5C9B22674A6C6002CFB51 /* PBXContainerItemProxy */;
		};
		41F5C9BE2674A6C6002CFB51 /* PBXTargetDependency */ = {
			isa = PBXTargetDependency;
			target = 41F5C99A2674A6C4002CFB51 /* GithubStargazers */;
			targetProxy = 41F5C9BD2674A6C6002CFB51 /* PBXContainerItemProxy */;
		};
/* End PBXTargetDependency section */

/* Begin PBXVariantGroup section */
		41F5C9A42674A6C4002CFB51 /* Main.storyboard */ = {
			isa = PBXVariantGroup;
			children = (
				41F5C9A52674A6C4002CFB51 /* Base */,
			);
			name = Main.storyboard;
			sourceTree = "<group>";
		};
		41F5C9A92674A6C6002CFB51 /* LaunchScreen.storyboard */ = {
			isa = PBXVariantGroup;
			children = (
				41F5C9AA2674A6C6002CFB51 /* Base */,
			);
			name = LaunchScreen.storyboard;
			sourceTree = "<group>";
		};
/* End PBXVariantGroup section */

/* Begin XCBuildConfiguration section */
		41F5C9C32674A6C6002CFB51 /* Debug */ = {
			isa = XCBuildConfiguration;
			buildSettings = {
				ALWAYS_SEARCH_USER_PATHS = NO;
				CLANG_ANALYZER_NONNULL = YES;
				CLANG_ANALYZER_NUMBER_OBJECT_CONVERSION = YES_AGGRESSIVE;
				CLANG_CXX_LANGUAGE_STANDARD = "gnu++14";
				CLANG_CXX_LIBRARY = "libc++";
				CLANG_ENABLE_MODULES = YES;
				CLANG_ENABLE_OBJC_ARC = YES;
				CLANG_ENABLE_OBJC_WEAK = YES;
				CLANG_WARN_BLOCK_CAPTURE_AUTORELEASING = YES;
				CLANG_WARN_BOOL_CONVERSION = YES;
				CLANG_WARN_COMMA = YES;
				CLANG_WARN_CONSTANT_CONVERSION = YES;
				CLANG_WARN_DEPRECATED_OBJC_IMPLEMENTATIONS = YES;
				CLANG_WARN_DIRECT_OBJC_ISA_USAGE = YES_ERROR;
				CLANG_WARN_DOCUMENTATION_COMMENTS = YES;
				CLANG_WARN_EMPTY_BODY = YES;
				CLANG_WARN_ENUM_CONVERSION = YES;
				CLANG_WARN_INFINITE_RECURSION = YES;
				CLANG_WARN_INT_CONVERSION = YES;
				CLANG_WARN_NON_LITERAL_NULL_CONVERSION = YES;
				CLANG_WARN_OBJC_IMPLICIT_RETAIN_SELF = YES;
				CLANG_WARN_OBJC_LITERAL_CONVERSION = YES;
				CLANG_WARN_OBJC_ROOT_CLASS = YES_ERROR;
				CLANG_WARN_QUOTED_INCLUDE_IN_FRAMEWORK_HEADER = YES;
				CLANG_WARN_RANGE_LOOP_ANALYSIS = YES;
				CLANG_WARN_STRICT_PROTOTYPES = YES;
				CLANG_WARN_SUSPICIOUS_MOVE = YES;
				CLANG_WARN_UNGUARDED_AVAILABILITY = YES_AGGRESSIVE;
				CLANG_WARN_UNREACHABLE_CODE = YES;
				CLANG_WARN__DUPLICATE_METHOD_MATCH = YES;
				COPY_PHASE_STRIP = NO;
				DEBUG_INFORMATION_FORMAT = dwarf;
				ENABLE_STRICT_OBJC_MSGSEND = YES;
				ENABLE_TESTABILITY = YES;
				GCC_C_LANGUAGE_STANDARD = gnu11;
				GCC_DYNAMIC_NO_PIC = NO;
				GCC_NO_COMMON_BLOCKS = YES;
				GCC_OPTIMIZATION_LEVEL = 0;
				GCC_PREPROCESSOR_DEFINITIONS = (
					"DEBUG=1",
					"$(inherited)",
				);
				GCC_WARN_64_TO_32_BIT_CONVERSION = YES;
				GCC_WARN_ABOUT_RETURN_TYPE = YES_ERROR;
				GCC_WARN_UNDECLARED_SELECTOR = YES;
				GCC_WARN_UNINITIALIZED_AUTOS = YES_AGGRESSIVE;
				GCC_WARN_UNUSED_FUNCTION = YES;
				GCC_WARN_UNUSED_VARIABLE = YES;
				IPHONEOS_DEPLOYMENT_TARGET = 14.5;
				MTL_ENABLE_DEBUG_INFO = INCLUDE_SOURCE;
				MTL_FAST_MATH = YES;
				ONLY_ACTIVE_ARCH = YES;
				SDKROOT = iphoneos;
				SWIFT_ACTIVE_COMPILATION_CONDITIONS = DEBUG;
				SWIFT_OPTIMIZATION_LEVEL = "-Onone";
			};
			name = Debug;
		};
		41F5C9C42674A6C6002CFB51 /* Release */ = {
			isa = XCBuildConfiguration;
			buildSettings = {
				ALWAYS_SEARCH_USER_PATHS = NO;
				CLANG_ANALYZER_NONNULL = YES;
				CLANG_ANALYZER_NUMBER_OBJECT_CONVERSION = YES_AGGRESSIVE;
				CLANG_CXX_LANGUAGE_STANDARD = "gnu++14";
				CLANG_CXX_LIBRARY = "libc++";
				CLANG_ENABLE_MODULES = YES;
				CLANG_ENABLE_OBJC_ARC = YES;
				CLANG_ENABLE_OBJC_WEAK = YES;
				CLANG_WARN_BLOCK_CAPTURE_AUTORELEASING = YES;
				CLANG_WARN_BOOL_CONVERSION = YES;
				CLANG_WARN_COMMA = YES;
				CLANG_WARN_CONSTANT_CONVERSION = YES;
				CLANG_WARN_DEPRECATED_OBJC_IMPLEMENTATIONS = YES;
				CLANG_WARN_DIRECT_OBJC_ISA_USAGE = YES_ERROR;
				CLANG_WARN_DOCUMENTATION_COMMENTS = YES;
				CLANG_WARN_EMPTY_BODY = YES;
				CLANG_WARN_ENUM_CONVERSION = YES;
				CLANG_WARN_INFINITE_RECURSION = YES;
				CLANG_WARN_INT_CONVERSION = YES;
				CLANG_WARN_NON_LITERAL_NULL_CONVERSION = YES;
				CLANG_WARN_OBJC_IMPLICIT_RETAIN_SELF = YES;
				CLANG_WARN_OBJC_LITERAL_CONVERSION = YES;
				CLANG_WARN_OBJC_ROOT_CLASS = YES_ERROR;
				CLANG_WARN_QUOTED_INCLUDE_IN_FRAMEWORK_HEADER = YES;
				CLANG_WARN_RANGE_LOOP_ANALYSIS = YES;
				CLANG_WARN_STRICT_PROTOTYPES = YES;
				CLANG_WARN_SUSPICIOUS_MOVE = YES;
				CLANG_WARN_UNGUARDED_AVAILABILITY = YES_AGGRESSIVE;
				CLANG_WARN_UNREACHABLE_CODE = YES;
				CLANG_WARN__DUPLICATE_METHOD_MATCH = YES;
				COPY_PHASE_STRIP = NO;
				DEBUG_INFORMATION_FORMAT = "dwarf-with-dsym";
				ENABLE_NS_ASSERTIONS = NO;
				ENABLE_STRICT_OBJC_MSGSEND = YES;
				GCC_C_LANGUAGE_STANDARD = gnu11;
				GCC_NO_COMMON_BLOCKS = YES;
				GCC_WARN_64_TO_32_BIT_CONVERSION = YES;
				GCC_WARN_ABOUT_RETURN_TYPE = YES_ERROR;
				GCC_WARN_UNDECLARED_SELECTOR = YES;
				GCC_WARN_UNINITIALIZED_AUTOS = YES_AGGRESSIVE;
				GCC_WARN_UNUSED_FUNCTION = YES;
				GCC_WARN_UNUSED_VARIABLE = YES;
				IPHONEOS_DEPLOYMENT_TARGET = 14.5;
				MTL_ENABLE_DEBUG_INFO = NO;
				MTL_FAST_MATH = YES;
				SDKROOT = iphoneos;
				SWIFT_COMPILATION_MODE = wholemodule;
				SWIFT_OPTIMIZATION_LEVEL = "-O";
				VALIDATE_PRODUCT = YES;
			};
			name = Release;
		};
		41F5C9C62674A6C6002CFB51 /* Debug */ = {
			isa = XCBuildConfiguration;
			buildSettings = {
				ASSETCATALOG_COMPILER_APPICON_NAME = AppIcon;
				ASSETCATALOG_COMPILER_GLOBAL_ACCENT_COLOR_NAME = AccentColor;
				CODE_SIGN_STYLE = Automatic;
				DEVELOPMENT_TEAM = SV5DY837SM;
				INFOPLIST_FILE = GithubStargazers/Info.plist;
				LD_RUNPATH_SEARCH_PATHS = (
					"$(inherited)",
					"@executable_path/Frameworks",
				);
				PRODUCT_BUNDLE_IDENTIFIER = com.msproject.GithubStargazers;
				PRODUCT_NAME = "$(TARGET_NAME)";
				SWIFT_VERSION = 5.0;
				TARGETED_DEVICE_FAMILY = "1,2";
			};
			name = Debug;
		};
		41F5C9C72674A6C6002CFB51 /* Release */ = {
			isa = XCBuildConfiguration;
			buildSettings = {
				ASSETCATALOG_COMPILER_APPICON_NAME = AppIcon;
				ASSETCATALOG_COMPILER_GLOBAL_ACCENT_COLOR_NAME = AccentColor;
				CODE_SIGN_STYLE = Automatic;
				DEVELOPMENT_TEAM = SV5DY837SM;
				INFOPLIST_FILE = GithubStargazers/Info.plist;
				LD_RUNPATH_SEARCH_PATHS = (
					"$(inherited)",
					"@executable_path/Frameworks",
				);
				PRODUCT_BUNDLE_IDENTIFIER = com.msproject.GithubStargazers;
				PRODUCT_NAME = "$(TARGET_NAME)";
				SWIFT_VERSION = 5.0;
				TARGETED_DEVICE_FAMILY = "1,2";
			};
			name = Release;
		};
		41F5C9C92674A6C6002CFB51 /* Debug */ = {
			isa = XCBuildConfiguration;
			buildSettings = {
				ALWAYS_EMBED_SWIFT_STANDARD_LIBRARIES = YES;
				BUNDLE_LOADER = "$(TEST_HOST)";
				CODE_SIGN_STYLE = Automatic;
				DEVELOPMENT_TEAM = SV5DY837SM;
				INFOPLIST_FILE = GithubStargazersTests/Info.plist;
				IPHONEOS_DEPLOYMENT_TARGET = 14.5;
				LD_RUNPATH_SEARCH_PATHS = (
					"$(inherited)",
					"@executable_path/Frameworks",
					"@loader_path/Frameworks",
				);
				PRODUCT_BUNDLE_IDENTIFIER = com.msproject.GithubStargazersTests;
				PRODUCT_NAME = "$(TARGET_NAME)";
				SWIFT_VERSION = 5.0;
				TARGETED_DEVICE_FAMILY = "1,2";
				TEST_HOST = "$(BUILT_PRODUCTS_DIR)/GithubStargazers.app/GithubStargazers";
			};
			name = Debug;
		};
		41F5C9CA2674A6C6002CFB51 /* Release */ = {
			isa = XCBuildConfiguration;
			buildSettings = {
				ALWAYS_EMBED_SWIFT_STANDARD_LIBRARIES = YES;
				BUNDLE_LOADER = "$(TEST_HOST)";
				CODE_SIGN_STYLE = Automatic;
				DEVELOPMENT_TEAM = SV5DY837SM;
				INFOPLIST_FILE = GithubStargazersTests/Info.plist;
				IPHONEOS_DEPLOYMENT_TARGET = 14.5;
				LD_RUNPATH_SEARCH_PATHS = (
					"$(inherited)",
					"@executable_path/Frameworks",
					"@loader_path/Frameworks",
				);
				PRODUCT_BUNDLE_IDENTIFIER = com.msproject.GithubStargazersTests;
				PRODUCT_NAME = "$(TARGET_NAME)";
				SWIFT_VERSION = 5.0;
				TARGETED_DEVICE_FAMILY = "1,2";
				TEST_HOST = "$(BUILT_PRODUCTS_DIR)/GithubStargazers.app/GithubStargazers";
			};
			name = Release;
		};
		41F5C9CC2674A6C6002CFB51 /* Debug */ = {
			isa = XCBuildConfiguration;
			buildSettings = {
				ALWAYS_EMBED_SWIFT_STANDARD_LIBRARIES = YES;
				CODE_SIGN_STYLE = Automatic;
				DEVELOPMENT_TEAM = SV5DY837SM;
				INFOPLIST_FILE = GithubStargazersUITests/Info.plist;
				LD_RUNPATH_SEARCH_PATHS = (
					"$(inherited)",
					"@executable_path/Frameworks",
					"@loader_path/Frameworks",
				);
				PRODUCT_BUNDLE_IDENTIFIER = com.msproject.GithubStargazersUITests;
				PRODUCT_NAME = "$(TARGET_NAME)";
				SWIFT_VERSION = 5.0;
				TARGETED_DEVICE_FAMILY = "1,2";
				TEST_TARGET_NAME = GithubStargazers;
			};
			name = Debug;
		};
		41F5C9CD2674A6C6002CFB51 /* Release */ = {
			isa = XCBuildConfiguration;
			buildSettings = {
				ALWAYS_EMBED_SWIFT_STANDARD_LIBRARIES = YES;
				CODE_SIGN_STYLE = Automatic;
				DEVELOPMENT_TEAM = SV5DY837SM;
				INFOPLIST_FILE = GithubStargazersUITests/Info.plist;
				LD_RUNPATH_SEARCH_PATHS = (
					"$(inherited)",
					"@executable_path/Frameworks",
					"@loader_path/Frameworks",
				);
				PRODUCT_BUNDLE_IDENTIFIER = com.msproject.GithubStargazersUITests;
				PRODUCT_NAME = "$(TARGET_NAME)";
				SWIFT_VERSION = 5.0;
				TARGETED_DEVICE_FAMILY = "1,2";
				TEST_TARGET_NAME = GithubStargazers;
			};
			name = Release;
		};
/* End XCBuildConfiguration section */

/* Begin XCConfigurationList section */
		41F5C9962674A6C4002CFB51 /* Build configuration list for PBXProject "GithubStargazers" */ = {
			isa = XCConfigurationList;
			buildConfigurations = (
				41F5C9C32674A6C6002CFB51 /* Debug */,
				41F5C9C42674A6C6002CFB51 /* Release */,
			);
			defaultConfigurationIsVisible = 0;
			defaultConfigurationName = Release;
		};
		41F5C9C52674A6C6002CFB51 /* Build configuration list for PBXNativeTarget "GithubStargazers" */ = {
			isa = XCConfigurationList;
			buildConfigurations = (
				41F5C9C62674A6C6002CFB51 /* Debug */,
				41F5C9C72674A6C6002CFB51 /* Release */,
			);
			defaultConfigurationIsVisible = 0;
			defaultConfigurationName = Release;
		};
		41F5C9C82674A6C6002CFB51 /* Build configuration list for PBXNativeTarget "GithubStargazersTests" */ = {
			isa = XCConfigurationList;
			buildConfigurations = (
				41F5C9C92674A6C6002CFB51 /* Debug */,
				41F5C9CA2674A6C6002CFB51 /* Release */,
			);
			defaultConfigurationIsVisible = 0;
			defaultConfigurationName = Release;
		};
		41F5C9CB2674A6C6002CFB51 /* Build configuration list for PBXNativeTarget "GithubStargazersUITests" */ = {
			isa = XCConfigurationList;
			buildConfigurations = (
				41F5C9CC2674A6C6002CFB51 /* Debug */,
				41F5C9CD2674A6C6002CFB51 /* Release */,
			);
			defaultConfigurationIsVisible = 0;
			defaultConfigurationName = Release;
		};
/* End XCConfigurationList section */
	};
	rootObject = 41F5C9932674A6C4002CFB51 /* Project object */;
}
